{
  "lockfileVersion": 1,
  "configVersion": 1,
  "workspaces": {
    "": {
      "name": "models-dev-gen-nix",
      "dependencies": {
        "remeda": "2.33.7",
        "zod": "3.24.2",
      },
      "devDependencies": {
        "@types/node": "26.5.0",
      },
    },
  },
  "packages": {
    "@types/node": ["@types/node@26.5.0", "", { "dependencies": { "undici-types": "~8.9.0" } }, "sha512-dVSGpriSoCgz8WnDNTuSSuSv1PC/ALXihO4ulRZt7Md8k9mlbdin3lGOcDE8SnWOgf513ByWlXd7BK4azmyg/A=="],

    "remeda": ["remeda@2.33.7", "", {}, "sha512-cXlyjevWx5AcslOUEETG4o8XYi9UkoCXcJmj7XhPFVbla+ITuOBxv6ijBrmbeg+ZhzmDThkNdO+iXKUfrJep1w=="],

    "undici-types": ["undici-types@8.9.0", "", {}, "sha512-KTDyRTYX8sWmKXAikPHHSyc63CRPETMctyjKFupcC6OBLXT3xsN0e9aF7m+mIXutFWpUXuedtowG7iLOzp0kQg=="],

    "zod": ["zod@3.24.2", "", {}, "sha512-lY7CDW43ECgW9u1TcT3IoXHflywfVqDYze4waEz812jR/bZ8FHDsl7pFQoSZTz5N+2NqRXs8GBwnAwo3ZNxqhQ=="],
  }
}
